
Microsoft Visual Studio Solution File, Format Version 12.00
# Visual Studio Version 16
VisualStudioVersion = 16.0.31624.102
MinimumVisualStudioVersion = 10.0.40219.1
Project("{9A19103F-16F7-4668-BE54-9A1E7A4F7556}") = "AspNetSandbox", "AspNetSandbox\AspNetSandbox.csproj", "{395C15D9-B853-47A4-837E-2F7834B97C7D}"
EndProject
Project("{FAE04EC0-301F-11D3-BF4B-00C04F79EFBC}") = "AspNetSandbox.Tests", "AspNetSandbox.Tests\AspNetSandbox.Tests.csproj", "{D0B13F6B-F556-4DDC-9D5B-DA55A879372B}"
EndProject
Global
	GlobalSection(SolutionConfigurationPlatforms) = preSolution
		Debug|Any CPU = Debug|Any CPU
		Release|Any CPU = Release|Any CPU
	EndGlobalSection
	GlobalSection(ProjectConfigurationPlatforms) = postSolution
		{395C15D9-B853-47A4-837E-2F7834B97C7D}.Debug|Any CPU.ActiveCfg = Debug|Any CPU
		{395C15D9-B853-47A4-837E-2F7834B97C7D}.Debug|Any CPU.Build.0 = Debug|Any CPU
		{395C15D9-B853-47A4-837E-2F7834B97C7D}.Release|Any CPU.ActiveCfg = Release|Any CPU
		{395C15D9-B853-47A4-837E-2F7834B97C7D}.Release|Any CPU.Build.0 = Release|Any CPU
		{D0B13F6B-F556-4DDC-9D5B-DA55A879372B}.Debug|Any CPU.ActiveCfg = Debug|Any CPU
		{D0B13F6B-F556-4DDC-9D5B-DA55A879372B}.Debug|Any CPU.Build.0 = Debug|Any CPU
		{D0B13F6B-F556-4DDC-9D5B-DA55A879372B}.Release|Any CPU.ActiveCfg = Release|Any CPU
		{D0B13F6B-F556-4DDC-9D5B-DA55A879372B}.Release|Any CPU.Build.0 = Release|Any CPU
	EndGlobalSection
	GlobalSection(SolutionProperties) = preSolution
		HideSolutionNode = FALSE
	EndGlobalSection
	GlobalSection(ExtensibilityGlobals) = postSolution
		SolutionGuid = {0486ACE8-5877-44B6-81DB-A0F32FE3E1A1}
	EndGlobalSection
EndGlobal
