
Microsoft Visual Studio Solution File, Format Version 12.00
# Visual Studio Version 16
VisualStudioVersion = 16.0.31624.102
MinimumVisualStudioVersion = 10.0.40219.1
Project("{9A19103F-16F7-4668-BE54-9A1E7A4F7556}") = "AspNetSandbox", "AspNetSandbox\AspNetSandbox.csproj", "{395C15D9-B853-47A4-837E-2F7834B97C7D}"
EndProject
Project("{9A19103F-16F7-4668-BE54-9A1E7A4F7556}") = "DockerSandbox", "DockerSandbox\DockerSandbox.csproj", "{1BBE2D8F-1A98-4567-95D5-13624813DA6D}"
EndProject
Project("{2150E333-8FDC-42A3-9474-1A3956D46DE8}") = "Solution items", "Solution items", "{AFF1AC3F-B7C3-428E-8E59-D623BFD2109D}"
	ProjectSection(SolutionItems) = preProject
		.github\workflows\dotnet.yml = .github\workflows\dotnet.yml
	EndProjectSection
EndProject
Project("{9A19103F-16F7-4668-BE54-9A1E7A4F7556}") = "AspNetSandbox.Tests", "AspNetSandbox.Tests\AspNetSandbox.Tests.csproj", "{E3899EDE-6545-4ED9-8CAB-43BA9B0F5216}"
EndProject
Project("{FAE04EC0-301F-11D3-BF4B-00C04F79EFBC}") = "DBSandbox", "DBSandbox\DBSandbox.csproj", "{8900987D-E814-4C6F-A227-61EE14C2262A}"
EndProject
Global
	GlobalSection(SolutionConfigurationPlatforms) = preSolution
		Debug|Any CPU = Debug|Any CPU
		Release|Any CPU = Release|Any CPU
	EndGlobalSection
	GlobalSection(ProjectConfigurationPlatforms) = postSolution
		{395C15D9-B853-47A4-837E-2F7834B97C7D}.Debug|Any CPU.ActiveCfg = Debug|Any CPU
		{395C15D9-B853-47A4-837E-2F7834B97C7D}.Debug|Any CPU.Build.0 = Debug|Any CPU
		{395C15D9-B853-47A4-837E-2F7834B97C7D}.Release|Any CPU.ActiveCfg = Release|Any CPU
		{395C15D9-B853-47A4-837E-2F7834B97C7D}.Release|Any CPU.Build.0 = Release|Any CPU
		{1BBE2D8F-1A98-4567-95D5-13624813DA6D}.Debug|Any CPU.ActiveCfg = Debug|Any CPU
		{1BBE2D8F-1A98-4567-95D5-13624813DA6D}.Debug|Any CPU.Build.0 = Debug|Any CPU
		{1BBE2D8F-1A98-4567-95D5-13624813DA6D}.Release|Any CPU.ActiveCfg = Release|Any CPU
		{1BBE2D8F-1A98-4567-95D5-13624813DA6D}.Release|Any CPU.Build.0 = Release|Any CPU
		{E3899EDE-6545-4ED9-8CAB-43BA9B0F5216}.Debug|Any CPU.ActiveCfg = Debug|Any CPU
		{E3899EDE-6545-4ED9-8CAB-43BA9B0F5216}.Debug|Any CPU.Build.0 = Debug|Any CPU
		{E3899EDE-6545-4ED9-8CAB-43BA9B0F5216}.Release|Any CPU.ActiveCfg = Release|Any CPU
		{E3899EDE-6545-4ED9-8CAB-43BA9B0F5216}.Release|Any CPU.Build.0 = Release|Any CPU
		{8900987D-E814-4C6F-A227-61EE14C2262A}.Debug|Any CPU.ActiveCfg = Debug|Any CPU
		{8900987D-E814-4C6F-A227-61EE14C2262A}.Debug|Any CPU.Build.0 = Debug|Any CPU
		{8900987D-E814-4C6F-A227-61EE14C2262A}.Release|Any CPU.ActiveCfg = Release|Any CPU
		{8900987D-E814-4C6F-A227-61EE14C2262A}.Release|Any CPU.Build.0 = Release|Any CPU
	EndGlobalSection
	GlobalSection(SolutionProperties) = preSolution
		HideSolutionNode = FALSE
	EndGlobalSection
	GlobalSection(ExtensibilityGlobals) = postSolution
		SolutionGuid = {0486ACE8-5877-44B6-81DB-A0F32FE3E1A1}
	EndGlobalSection
EndGlobal
